
Microsoft Visual Studio Solution File, Format Version 12.00
# Visual Studio Version 16
VisualStudioVersion = 16.0.31112.23
MinimumVisualStudioVersion = 10.0.40219.1
Project("{9A19103F-16F7-4668-BE54-9A1E7A4F7556}") = "ClimbingAPI", "ClimbingAPI.csproj", "{32A6F21F-934B-422D-A930-6617DC37EA67}"
EndProject
Project("{9A19103F-16F7-4668-BE54-9A1E7A4F7556}") = "ClimbingAPI.Tests", "..\ClimbingAPI.Tests\ClimbingAPI.Tests.csproj", "{78026580-F3CA-49CC-8679-07393F5C0EDA}"
EndProject
Project("{FAE04EC0-301F-11D3-BF4B-00C04F79EFBC}") = "Benchmark", "..\Benchmark\Benchmark.csproj", "{97DFA172-8232-4121-8D47-A2D886D8EEEB}"
EndProject
Global
	GlobalSection(SolutionConfigurationPlatforms) = preSolution
		Debug|Any CPU = Debug|Any CPU
		Release|Any CPU = Release|Any CPU
	EndGlobalSection
	GlobalSection(ProjectConfigurationPlatforms) = postSolution
		{32A6F21F-934B-422D-A930-6617DC37EA67}.Debug|Any CPU.ActiveCfg = Debug|Any CPU
		{32A6F21F-934B-422D-A930-6617DC37EA67}.Debug|Any CPU.Build.0 = Debug|Any CPU
		{32A6F21F-934B-422D-A930-6617DC37EA67}.Release|Any CPU.ActiveCfg = Release|Any CPU
		{32A6F21F-934B-422D-A930-6617DC37EA67}.Release|Any CPU.Build.0 = Release|Any CPU
		{78026580-F3CA-49CC-8679-07393F5C0EDA}.Debug|Any CPU.ActiveCfg = Debug|Any CPU
		{78026580-F3CA-49CC-8679-07393F5C0EDA}.Debug|Any CPU.Build.0 = Debug|Any CPU
		{78026580-F3CA-49CC-8679-07393F5C0EDA}.Release|Any CPU.ActiveCfg = Release|Any CPU
		{78026580-F3CA-49CC-8679-07393F5C0EDA}.Release|Any CPU.Build.0 = Release|Any CPU
		{97DFA172-8232-4121-8D47-A2D886D8EEEB}.Debug|Any CPU.ActiveCfg = Debug|Any CPU
		{97DFA172-8232-4121-8D47-A2D886D8EEEB}.Debug|Any CPU.Build.0 = Debug|Any CPU
		{97DFA172-8232-4121-8D47-A2D886D8EEEB}.Release|Any CPU.ActiveCfg = Release|Any CPU
		{97DFA172-8232-4121-8D47-A2D886D8EEEB}.Release|Any CPU.Build.0 = Release|Any CPU
	EndGlobalSection
	GlobalSection(SolutionProperties) = preSolution
		HideSolutionNode = FALSE
	EndGlobalSection
	GlobalSection(ExtensibilityGlobals) = postSolution
		SolutionGuid = {88FF1E47-B482-4AFA-8455-A7F4D71F95AB}
	EndGlobalSection
EndGlobal
